{
  "name": "cache-anything-new-action",
  "version": "1.0.0",
  "lockfileVersion": 1,
  "requires": true,
  "dependencies": {
    "@vercel/ncc": {
      "version": "0.26.1",
      "resolved": "https://registry.npmjs.org/@vercel/ncc/-/ncc-0.26.1.tgz",
      "integrity": "sha512-iVhYAL/rpHgjO88GkDHNVNrp7WTfMFBbeWXNgwaDPMv5rDI4hNOAM0u+Zhtbs42XBQE6EccNaY6UDb/tm1+dhg==",
      "dev": true
    }
  }
}
